
Microsoft Visual Studio Solution File, Format Version 12.00
# Visual Studio Version 17
VisualStudioVersion = 17.10.35122.118
MinimumVisualStudioVersion = 10.0.40219.1
Project("{FAE04EC0-301F-11D3-BF4B-00C04F79EFBC}") = "Examen", "Examen.csproj", "{32FE23A8-310F-42D3-B6AC-8D481370E114}"
EndProject
Global
	GlobalSection(SolutionConfigurationPlatforms) = preSolution
		Debug|Any CPU = Debug|Any CPU
		Release|Any CPU = Release|Any CPU
	EndGlobalSection
	GlobalSection(ProjectConfigurationPlatforms) = postSolution
		{32FE23A8-310F-42D3-B6AC-8D481370E114}.Debug|Any CPU.ActiveCfg = Debug|Any CPU
		{32FE23A8-310F-42D3-B6AC-8D481370E114}.Debug|Any CPU.Build.0 = Debug|Any CPU
		{32FE23A8-310F-42D3-B6AC-8D481370E114}.Release|Any CPU.ActiveCfg = Release|Any CPU
		{32FE23A8-310F-42D3-B6AC-8D481370E114}.Release|Any CPU.Build.0 = Release|Any CPU
	EndGlobalSection
	GlobalSection(SolutionProperties) = preSolution
		HideSolutionNode = FALSE
	EndGlobalSection
	GlobalSection(ExtensibilityGlobals) = postSolution
		SolutionGuid = {77EC8B33-1E0A-459D-A655-6DF431720F2B}
	EndGlobalSection
EndGlobal
